
Microsoft Visual Studio Solution File, Format Version 12.00
# Visual Studio Version 16
VisualStudioVersion = 16.0.31729.503
MinimumVisualStudioVersion = 10.0.40219.1
Project("{FAE04EC0-301F-11D3-BF4B-00C04F79EFBC}") = "Inicio", "Gasolinera\Inicio.csproj", "{F55128BC-9BCA-4D53-BEAF-1C92C652EFE3}"
EndProject
Project("{FAE04EC0-301F-11D3-BF4B-00C04F79EFBC}") = "Perfil_Usuario", "Usuarios\Perfil_Usuario.csproj", "{4E32DE15-E1F4-43D6-AE45-CEE7DA581265}"
EndProject
Project("{FAE04EC0-301F-11D3-BF4B-00C04F79EFBC}") = "Favoritos", "Favoritos\Favoritos.csproj", "{2104292F-7397-46BC-B83A-B5978A10A825}"
EndProject
Project("{FAE04EC0-301F-11D3-BF4B-00C04F79EFBC}") = "Reseñas", "Reseñas\Reseñas.csproj", "{9B0CBF62-BF65-4930-AB1D-EFE5B9BAD742}"
EndProject
Global
	GlobalSection(SolutionConfigurationPlatforms) = preSolution
		Debug|Any CPU = Debug|Any CPU
		Release|Any CPU = Release|Any CPU
	EndGlobalSection
	GlobalSection(ProjectConfigurationPlatforms) = postSolution
		{F55128BC-9BCA-4D53-BEAF-1C92C652EFE3}.Debug|Any CPU.ActiveCfg = Debug|Any CPU
		{F55128BC-9BCA-4D53-BEAF-1C92C652EFE3}.Debug|Any CPU.Build.0 = Debug|Any CPU
		{F55128BC-9BCA-4D53-BEAF-1C92C652EFE3}.Release|Any CPU.ActiveCfg = Release|Any CPU
		{F55128BC-9BCA-4D53-BEAF-1C92C652EFE3}.Release|Any CPU.Build.0 = Release|Any CPU
		{4E32DE15-E1F4-43D6-AE45-CEE7DA581265}.Debug|Any CPU.ActiveCfg = Debug|Any CPU
		{4E32DE15-E1F4-43D6-AE45-CEE7DA581265}.Debug|Any CPU.Build.0 = Debug|Any CPU
		{4E32DE15-E1F4-43D6-AE45-CEE7DA581265}.Release|Any CPU.ActiveCfg = Release|Any CPU
		{4E32DE15-E1F4-43D6-AE45-CEE7DA581265}.Release|Any CPU.Build.0 = Release|Any CPU
		{2104292F-7397-46BC-B83A-B5978A10A825}.Debug|Any CPU.ActiveCfg = Debug|Any CPU
		{2104292F-7397-46BC-B83A-B5978A10A825}.Debug|Any CPU.Build.0 = Debug|Any CPU
		{2104292F-7397-46BC-B83A-B5978A10A825}.Release|Any CPU.ActiveCfg = Release|Any CPU
		{2104292F-7397-46BC-B83A-B5978A10A825}.Release|Any CPU.Build.0 = Release|Any CPU
		{9B0CBF62-BF65-4930-AB1D-EFE5B9BAD742}.Debug|Any CPU.ActiveCfg = Debug|Any CPU
		{9B0CBF62-BF65-4930-AB1D-EFE5B9BAD742}.Debug|Any CPU.Build.0 = Debug|Any CPU
		{9B0CBF62-BF65-4930-AB1D-EFE5B9BAD742}.Release|Any CPU.ActiveCfg = Release|Any CPU
		{9B0CBF62-BF65-4930-AB1D-EFE5B9BAD742}.Release|Any CPU.Build.0 = Release|Any CPU
	EndGlobalSection
	GlobalSection(SolutionProperties) = preSolution
		HideSolutionNode = FALSE
	EndGlobalSection
	GlobalSection(ExtensibilityGlobals) = postSolution
		SolutionGuid = {7EB1EB84-103E-4596-BD01-8AA18084F5E2}
	EndGlobalSection
EndGlobal
